
Microsoft Visual Studio Solution File, Format Version 12.00
# Visual Studio Version 17
VisualStudioVersion = 17.3.32825.248
MinimumVisualStudioVersion = 10.0.40219.1
Project("{FAE04EC0-301F-11D3-BF4B-00C04F79EFBC}") = "MultithreadEmpPayroll", "MultithreadEmpPayroll\MultithreadEmpPayroll.csproj", "{B0EA194C-6871-4D17-8259-7BC0373C66AB}"
EndProject
Project("{FAE04EC0-301F-11D3-BF4B-00C04F79EFBC}") = "MultiThreadTestCase", "MultiThreadTestCase\MultiThreadTestCase.csproj", "{B696A5A3-8CF6-492C-8026-AA670D6C5335}"
EndProject
Global
	GlobalSection(SolutionConfigurationPlatforms) = preSolution
		Debug|Any CPU = Debug|Any CPU
		Release|Any CPU = Release|Any CPU
	EndGlobalSection
	GlobalSection(ProjectConfigurationPlatforms) = postSolution
		{B0EA194C-6871-4D17-8259-7BC0373C66AB}.Debug|Any CPU.ActiveCfg = Debug|Any CPU
		{B0EA194C-6871-4D17-8259-7BC0373C66AB}.Debug|Any CPU.Build.0 = Debug|Any CPU
		{B0EA194C-6871-4D17-8259-7BC0373C66AB}.Release|Any CPU.ActiveCfg = Release|Any CPU
		{B0EA194C-6871-4D17-8259-7BC0373C66AB}.Release|Any CPU.Build.0 = Release|Any CPU
		{B696A5A3-8CF6-492C-8026-AA670D6C5335}.Debug|Any CPU.ActiveCfg = Debug|Any CPU
		{B696A5A3-8CF6-492C-8026-AA670D6C5335}.Debug|Any CPU.Build.0 = Debug|Any CPU
		{B696A5A3-8CF6-492C-8026-AA670D6C5335}.Release|Any CPU.ActiveCfg = Release|Any CPU
		{B696A5A3-8CF6-492C-8026-AA670D6C5335}.Release|Any CPU.Build.0 = Release|Any CPU
	EndGlobalSection
	GlobalSection(SolutionProperties) = preSolution
		HideSolutionNode = FALSE
	EndGlobalSection
	GlobalSection(ExtensibilityGlobals) = postSolution
		SolutionGuid = {DE509CE4-6918-4C19-B9B6-1D02454D6132}
	EndGlobalSection
EndGlobal
